
Microsoft Visual Studio Solution File, Format Version 12.00
# Visual Studio 14
VisualStudioVersion = 14.0.22823.1
MinimumVisualStudioVersion = 10.0.40219.1
Project("{2150E333-8FDC-42A3-9474-1A3956D46DE8}") = "2015", "2015", "{CF8E8CB0-2FC5-46D7-97D7-2924F43F1F6A}"
EndProject
Project("{2150E333-8FDC-42A3-9474-1A3956D46DE8}") = "Qualification-Round", "Qualification-Round", "{55D9FCDB-FFD1-49A0-AE64-4B39902124B4}"
EndProject
Project("{2150E333-8FDC-42A3-9474-1A3956D46DE8}") = "Round-1A", "Round-1A", "{2585F835-C9F3-40B5-BEC1-79FE63AD8547}"
EndProject
Project("{2150E333-8FDC-42A3-9474-1A3956D46DE8}") = "Round-1B", "Round-1B", "{00DDD31D-04A8-46D9-A937-7CCE4DC6B801}"
EndProject
Project("{2150E333-8FDC-42A3-9474-1A3956D46DE8}") = "Round-1C", "Round-1C", "{9B802A28-4ED3-4C40-BD3D-912784E284DE}"
EndProject
Project("{FAE04EC0-301F-11D3-BF4B-00C04F79EFBC}") = "Dijkstra", "Src\2015\Qualification-Round\Dijkstra\Dijkstra.csproj", "{5F6259E6-A63B-479A-9B54-AD6D81B01162}"
EndProject
Project("{FAE04EC0-301F-11D3-BF4B-00C04F79EFBC}") = "InfiniteHouseOfPancakes", "Src\2015\Qualification-Round\InfiniteHouseOfPancakes\InfiniteHouseOfPancakes.csproj", "{D387B455-F635-49B1-BB21-37DD450788EB}"
EndProject
Project("{FAE04EC0-301F-11D3-BF4B-00C04F79EFBC}") = "OminousOmino", "Src\2015\Qualification-Round\OminousOmino\OminousOmino.csproj", "{1D995430-0605-4E18-B078-008263415830}"
EndProject
Project("{FAE04EC0-301F-11D3-BF4B-00C04F79EFBC}") = "StandingOvation", "Src\2015\Qualification-Round\StandingOvation\StandingOvation.csproj", "{F9C8A9AB-6DA4-407A-AA8D-083CFB8AB494}"
EndProject
Project("{FAE04EC0-301F-11D3-BF4B-00C04F79EFBC}") = "Haircut", "Src\2015\Round-1A\Haircut\Haircut.csproj", "{D7863949-6B95-46AC-A29E-840014AD0EA9}"
EndProject
Project("{FAE04EC0-301F-11D3-BF4B-00C04F79EFBC}") = "MushroomMonster", "Src\2015\Round-1A\MushroomMonster\MushroomMonster.csproj", "{901730CD-131F-4500-83CE-42DC0EB6523B}"
EndProject
Project("{FAE04EC0-301F-11D3-BF4B-00C04F79EFBC}") = "CounterCulture", "Src\2015\Round-1B\CounterCulture\CounterCulture.csproj", "{5217132E-06AA-476E-B75E-9F845C979825}"
EndProject
Project("{FAE04EC0-301F-11D3-BF4B-00C04F79EFBC}") = "NoisyNeighbors", "Src\2015\Round-1B\NoisyNeighbors\NoisyNeighbors.csproj", "{FB378382-B345-4277-9F7C-34FFB78374B4}"
EndProject
Project("{FAE04EC0-301F-11D3-BF4B-00C04F79EFBC}") = "HikingDeer", "Src\2015\Round-1B\HikingDeer\HikingDeer.csproj", "{1C9AF411-EA80-4A1D-BC36-EAB03BAAE7E3}"
EndProject
Project("{FAE04EC0-301F-11D3-BF4B-00C04F79EFBC}") = "LessMoneyMoreProblems", "Src\2015\Round-1C\LessMoneyMoreProblems\LessMoneyMoreProblems.csproj", "{A4063EB1-0C24-4F8B-AF56-35FB0D3A8765}"
EndProject
Project("{FAE04EC0-301F-11D3-BF4B-00C04F79EFBC}") = "Brattleship", "Src\2015\Round-1C\Brattleship\Brattleship.csproj", "{F80B095C-C64D-4AD7-8714-92C9C2B7270E}"
EndProject
Project("{FAE04EC0-301F-11D3-BF4B-00C04F79EFBC}") = "TypewriterMonkey", "Src\2015\Round-1C\TypewriterMonkey\TypewriterMonkey.csproj", "{CFB10E1E-8D07-49E1-9674-C3BD221D07D8}"
EndProject
Global
	GlobalSection(SolutionConfigurationPlatforms) = preSolution
		Debug|Any CPU = Debug|Any CPU
		Release|Any CPU = Release|Any CPU
	EndGlobalSection
	GlobalSection(ProjectConfigurationPlatforms) = postSolution
		{5F6259E6-A63B-479A-9B54-AD6D81B01162}.Debug|Any CPU.ActiveCfg = Debug|Any CPU
		{5F6259E6-A63B-479A-9B54-AD6D81B01162}.Debug|Any CPU.Build.0 = Debug|Any CPU
		{5F6259E6-A63B-479A-9B54-AD6D81B01162}.Release|Any CPU.ActiveCfg = Release|Any CPU
		{5F6259E6-A63B-479A-9B54-AD6D81B01162}.Release|Any CPU.Build.0 = Release|Any CPU
		{D387B455-F635-49B1-BB21-37DD450788EB}.Debug|Any CPU.ActiveCfg = Debug|Any CPU
		{D387B455-F635-49B1-BB21-37DD450788EB}.Debug|Any CPU.Build.0 = Debug|Any CPU
		{D387B455-F635-49B1-BB21-37DD450788EB}.Release|Any CPU.ActiveCfg = Release|Any CPU
		{D387B455-F635-49B1-BB21-37DD450788EB}.Release|Any CPU.Build.0 = Release|Any CPU
		{1D995430-0605-4E18-B078-008263415830}.Debug|Any CPU.ActiveCfg = Debug|Any CPU
		{1D995430-0605-4E18-B078-008263415830}.Debug|Any CPU.Build.0 = Debug|Any CPU
		{1D995430-0605-4E18-B078-008263415830}.Release|Any CPU.ActiveCfg = Release|Any CPU
		{1D995430-0605-4E18-B078-008263415830}.Release|Any CPU.Build.0 = Release|Any CPU
		{F9C8A9AB-6DA4-407A-AA8D-083CFB8AB494}.Debug|Any CPU.ActiveCfg = Debug|Any CPU
		{F9C8A9AB-6DA4-407A-AA8D-083CFB8AB494}.Debug|Any CPU.Build.0 = Debug|Any CPU
		{F9C8A9AB-6DA4-407A-AA8D-083CFB8AB494}.Release|Any CPU.ActiveCfg = Release|Any CPU
		{F9C8A9AB-6DA4-407A-AA8D-083CFB8AB494}.Release|Any CPU.Build.0 = Release|Any CPU
		{D7863949-6B95-46AC-A29E-840014AD0EA9}.Debug|Any CPU.ActiveCfg = Debug|Any CPU
		{D7863949-6B95-46AC-A29E-840014AD0EA9}.Debug|Any CPU.Build.0 = Debug|Any CPU
		{D7863949-6B95-46AC-A29E-840014AD0EA9}.Release|Any CPU.ActiveCfg = Release|Any CPU
		{D7863949-6B95-46AC-A29E-840014AD0EA9}.Release|Any CPU.Build.0 = Release|Any CPU
		{901730CD-131F-4500-83CE-42DC0EB6523B}.Debug|Any CPU.ActiveCfg = Debug|Any CPU
		{901730CD-131F-4500-83CE-42DC0EB6523B}.Debug|Any CPU.Build.0 = Debug|Any CPU
		{901730CD-131F-4500-83CE-42DC0EB6523B}.Release|Any CPU.ActiveCfg = Release|Any CPU
		{901730CD-131F-4500-83CE-42DC0EB6523B}.Release|Any CPU.Build.0 = Release|Any CPU
		{5217132E-06AA-476E-B75E-9F845C979825}.Debug|Any CPU.ActiveCfg = Debug|Any CPU
		{5217132E-06AA-476E-B75E-9F845C979825}.Debug|Any CPU.Build.0 = Debug|Any CPU
		{5217132E-06AA-476E-B75E-9F845C979825}.Release|Any CPU.ActiveCfg = Release|Any CPU
		{5217132E-06AA-476E-B75E-9F845C979825}.Release|Any CPU.Build.0 = Release|Any CPU
		{FB378382-B345-4277-9F7C-34FFB78374B4}.Debug|Any CPU.ActiveCfg = Debug|Any CPU
		{FB378382-B345-4277-9F7C-34FFB78374B4}.Debug|Any CPU.Build.0 = Debug|Any CPU
		{FB378382-B345-4277-9F7C-34FFB78374B4}.Release|Any CPU.ActiveCfg = Release|Any CPU
		{FB378382-B345-4277-9F7C-34FFB78374B4}.Release|Any CPU.Build.0 = Release|Any CPU
		{1C9AF411-EA80-4A1D-BC36-EAB03BAAE7E3}.Debug|Any CPU.ActiveCfg = Debug|Any CPU
		{1C9AF411-EA80-4A1D-BC36-EAB03BAAE7E3}.Debug|Any CPU.Build.0 = Debug|Any CPU
		{1C9AF411-EA80-4A1D-BC36-EAB03BAAE7E3}.Release|Any CPU.ActiveCfg = Release|Any CPU
		{1C9AF411-EA80-4A1D-BC36-EAB03BAAE7E3}.Release|Any CPU.Build.0 = Release|Any CPU
		{A4063EB1-0C24-4F8B-AF56-35FB0D3A8765}.Debug|Any CPU.ActiveCfg = Debug|Any CPU
		{A4063EB1-0C24-4F8B-AF56-35FB0D3A8765}.Debug|Any CPU.Build.0 = Debug|Any CPU
		{A4063EB1-0C24-4F8B-AF56-35FB0D3A8765}.Release|Any CPU.ActiveCfg = Release|Any CPU
		{A4063EB1-0C24-4F8B-AF56-35FB0D3A8765}.Release|Any CPU.Build.0 = Release|Any CPU
		{F80B095C-C64D-4AD7-8714-92C9C2B7270E}.Debug|Any CPU.ActiveCfg = Debug|Any CPU
		{F80B095C-C64D-4AD7-8714-92C9C2B7270E}.Debug|Any CPU.Build.0 = Debug|Any CPU
		{F80B095C-C64D-4AD7-8714-92C9C2B7270E}.Release|Any CPU.ActiveCfg = Release|Any CPU
		{F80B095C-C64D-4AD7-8714-92C9C2B7270E}.Release|Any CPU.Build.0 = Release|Any CPU
		{CFB10E1E-8D07-49E1-9674-C3BD221D07D8}.Debug|Any CPU.ActiveCfg = Debug|Any CPU
		{CFB10E1E-8D07-49E1-9674-C3BD221D07D8}.Debug|Any CPU.Build.0 = Debug|Any CPU
		{CFB10E1E-8D07-49E1-9674-C3BD221D07D8}.Release|Any CPU.ActiveCfg = Release|Any CPU
		{CFB10E1E-8D07-49E1-9674-C3BD221D07D8}.Release|Any CPU.Build.0 = Release|Any CPU
	EndGlobalSection
	GlobalSection(SolutionProperties) = preSolution
		HideSolutionNode = FALSE
	EndGlobalSection
	GlobalSection(NestedProjects) = preSolution
		{55D9FCDB-FFD1-49A0-AE64-4B39902124B4} = {CF8E8CB0-2FC5-46D7-97D7-2924F43F1F6A}
		{2585F835-C9F3-40B5-BEC1-79FE63AD8547} = {CF8E8CB0-2FC5-46D7-97D7-2924F43F1F6A}
		{00DDD31D-04A8-46D9-A937-7CCE4DC6B801} = {CF8E8CB0-2FC5-46D7-97D7-2924F43F1F6A}
		{9B802A28-4ED3-4C40-BD3D-912784E284DE} = {CF8E8CB0-2FC5-46D7-97D7-2924F43F1F6A}
		{5F6259E6-A63B-479A-9B54-AD6D81B01162} = {55D9FCDB-FFD1-49A0-AE64-4B39902124B4}
		{D387B455-F635-49B1-BB21-37DD450788EB} = {55D9FCDB-FFD1-49A0-AE64-4B39902124B4}
		{1D995430-0605-4E18-B078-008263415830} = {55D9FCDB-FFD1-49A0-AE64-4B39902124B4}
		{F9C8A9AB-6DA4-407A-AA8D-083CFB8AB494} = {55D9FCDB-FFD1-49A0-AE64-4B39902124B4}
		{D7863949-6B95-46AC-A29E-840014AD0EA9} = {2585F835-C9F3-40B5-BEC1-79FE63AD8547}
		{901730CD-131F-4500-83CE-42DC0EB6523B} = {2585F835-C9F3-40B5-BEC1-79FE63AD8547}
		{5217132E-06AA-476E-B75E-9F845C979825} = {00DDD31D-04A8-46D9-A937-7CCE4DC6B801}
		{FB378382-B345-4277-9F7C-34FFB78374B4} = {00DDD31D-04A8-46D9-A937-7CCE4DC6B801}
		{1C9AF411-EA80-4A1D-BC36-EAB03BAAE7E3} = {00DDD31D-04A8-46D9-A937-7CCE4DC6B801}
		{A4063EB1-0C24-4F8B-AF56-35FB0D3A8765} = {9B802A28-4ED3-4C40-BD3D-912784E284DE}
		{F80B095C-C64D-4AD7-8714-92C9C2B7270E} = {9B802A28-4ED3-4C40-BD3D-912784E284DE}
		{CFB10E1E-8D07-49E1-9674-C3BD221D07D8} = {9B802A28-4ED3-4C40-BD3D-912784E284DE}
	EndGlobalSection
EndGlobal
